
Microsoft Visual Studio Solution File, Format Version 12.00
# Visual Studio Version 17
VisualStudioVersion = 17.12.35707.178
MinimumVisualStudioVersion = 10.0.40219.1
Project("{FAE04EC0-301F-11D3-BF4B-00C04F79EFBC}") = "TaskManagerAPI", "TaskManagerAPI\TaskManagerAPI.csproj", "{0FD27B24-32C6-4AF7-8083-98F78C3B6B8E}"
EndProject
Project("{FAE04EC0-301F-11D3-BF4B-00C04F79EFBC}") = "TaskManager.Repositories", "TaskManagerRepositories\TaskManager.Repositories.csproj", "{3AC2AB14-7B2E-41EB-A07B-870F6FF1863A}"
EndProject
Project("{FAE04EC0-301F-11D3-BF4B-00C04F79EFBC}") = "TaskManager.Services", "TaskManagerServices\TaskManager.Services.csproj", "{26D02E09-DAFD-4FC8-953F-FFB9E73C7F18}"
EndProject
Project("{FAE04EC0-301F-11D3-BF4B-00C04F79EFBC}") = "TaskManager.Models", "TaskManager.Models\TaskManager.Models.csproj", "{4FB62889-3C82-4D12-9544-C844658AAA9D}"
EndProject
Project("{2150E333-8FDC-42A3-9474-1A3956D46DE8}") = "Solution Items", "Solution Items", "{639CCDDD-2257-42B0-8B40-45242BFB3AF2}"
	ProjectSection(SolutionItems) = preProject
		TextFile1.txt = TextFile1.txt
	EndProjectSection
EndProject
Global
	GlobalSection(SolutionConfigurationPlatforms) = preSolution
		Debug|Any CPU = Debug|Any CPU
		Release|Any CPU = Release|Any CPU
	EndGlobalSection
	GlobalSection(ProjectConfigurationPlatforms) = postSolution
		{0FD27B24-32C6-4AF7-8083-98F78C3B6B8E}.Debug|Any CPU.ActiveCfg = Debug|Any CPU
		{0FD27B24-32C6-4AF7-8083-98F78C3B6B8E}.Debug|Any CPU.Build.0 = Debug|Any CPU
		{0FD27B24-32C6-4AF7-8083-98F78C3B6B8E}.Release|Any CPU.ActiveCfg = Release|Any CPU
		{0FD27B24-32C6-4AF7-8083-98F78C3B6B8E}.Release|Any CPU.Build.0 = Release|Any CPU
		{3AC2AB14-7B2E-41EB-A07B-870F6FF1863A}.Debug|Any CPU.ActiveCfg = Debug|Any CPU
		{3AC2AB14-7B2E-41EB-A07B-870F6FF1863A}.Debug|Any CPU.Build.0 = Debug|Any CPU
		{3AC2AB14-7B2E-41EB-A07B-870F6FF1863A}.Release|Any CPU.ActiveCfg = Release|Any CPU
		{3AC2AB14-7B2E-41EB-A07B-870F6FF1863A}.Release|Any CPU.Build.0 = Release|Any CPU
		{26D02E09-DAFD-4FC8-953F-FFB9E73C7F18}.Debug|Any CPU.ActiveCfg = Debug|Any CPU
		{26D02E09-DAFD-4FC8-953F-FFB9E73C7F18}.Debug|Any CPU.Build.0 = Debug|Any CPU
		{26D02E09-DAFD-4FC8-953F-FFB9E73C7F18}.Release|Any CPU.ActiveCfg = Release|Any CPU
		{26D02E09-DAFD-4FC8-953F-FFB9E73C7F18}.Release|Any CPU.Build.0 = Release|Any CPU
		{4FB62889-3C82-4D12-9544-C844658AAA9D}.Debug|Any CPU.ActiveCfg = Debug|Any CPU
		{4FB62889-3C82-4D12-9544-C844658AAA9D}.Debug|Any CPU.Build.0 = Debug|Any CPU
		{4FB62889-3C82-4D12-9544-C844658AAA9D}.Release|Any CPU.ActiveCfg = Release|Any CPU
		{4FB62889-3C82-4D12-9544-C844658AAA9D}.Release|Any CPU.Build.0 = Release|Any CPU
	EndGlobalSection
	GlobalSection(SolutionProperties) = preSolution
		HideSolutionNode = FALSE
	EndGlobalSection
EndGlobal
